
Microsoft Visual Studio Solution File, Format Version 12.00
# Visual Studio Version 17
VisualStudioVersion = 17.11.35222.181
MinimumVisualStudioVersion = 10.0.40219.1
Project("{FAE04EC0-301F-11D3-BF4B-00C04F79EFBC}") = "Hydac", "Hydac\Hydac.csproj", "{0D2F9FE1-DF5E-4255-B543-BED1F8838DA5}"
EndProject
Global
	GlobalSection(SolutionConfigurationPlatforms) = preSolution
		Debug|Any CPU = Debug|Any CPU
		Release|Any CPU = Release|Any CPU
	EndGlobalSection
	GlobalSection(ProjectConfigurationPlatforms) = postSolution
		{0D2F9FE1-DF5E-4255-B543-BED1F8838DA5}.Debug|Any CPU.ActiveCfg = Debug|Any CPU
		{0D2F9FE1-DF5E-4255-B543-BED1F8838DA5}.Debug|Any CPU.Build.0 = Debug|Any CPU
		{0D2F9FE1-DF5E-4255-B543-BED1F8838DA5}.Release|Any CPU.ActiveCfg = Release|Any CPU
		{0D2F9FE1-DF5E-4255-B543-BED1F8838DA5}.Release|Any CPU.Build.0 = Release|Any CPU
	EndGlobalSection
	GlobalSection(SolutionProperties) = preSolution
		HideSolutionNode = FALSE
	EndGlobalSection
	GlobalSection(ExtensibilityGlobals) = postSolution
		SolutionGuid = {C776D65E-B4BE-4C7D-A5BD-8CD099CC22C1}
	EndGlobalSection
EndGlobal
